{
    "version": 3,
    "terraform_version": "0.11.11",
    "serial": 1,
    "lineage": "3802a9fb-5ae2-055f-ed39-83cc0cdf8736",
    "modules": [
        {
            "path": [
                "root"
            ],
            "outputs": {},
            "resources": {
                "heroku_addon.db_ci": {
                    "type": "heroku_addon",
                    "depends_on": [
                        "heroku_app.ci"
                    ],
                    "primary": {
                        "id": "74e2c7d5-8c40-4c9e-a2a7-761e5bfcd995",
                        "attributes": {
                            "app": "pgr301-exam-app-ci",
                            "config_vars.#": "1",
                            "config_vars.0": "DATABASE_URL",
                            "id": "74e2c7d5-8c40-4c9e-a2a7-761e5bfcd995",
                            "name": "postgresql-lively-10518",
                            "plan": "heroku-postgresql:hobby-dev",
                            "provider_id": "16166492"
                        },
                        "meta": {
                            "schema_version": "1"
                        },
                        "tainted": false
                    },
                    "deposed": [],
                    "provider": "provider.heroku"
                },
                "heroku_addon.db_prod": {
                    "type": "heroku_addon",
                    "depends_on": [
                        "heroku_app.production"
                    ],
                    "primary": {
                        "id": "4c0bc72d-1516-45b4-8b8a-148acea21b54",
                        "attributes": {
                            "app": "pgr301-exam-app-production",
                            "config_vars.#": "1",
                            "config_vars.0": "DATABASE_URL",
                            "id": "4c0bc72d-1516-45b4-8b8a-148acea21b54",
                            "name": "postgresql-animated-93139",
                            "plan": "heroku-postgresql:hobby-dev",
                            "provider_id": "16166493"
                        },
                        "meta": {
                            "schema_version": "1"
                        },
                        "tainted": false
                    },
                    "deposed": [],
                    "provider": "provider.heroku"
                },
                "heroku_addon.db_stage": {
                    "type": "heroku_addon",
                    "depends_on": [
                        "heroku_app.staging"
                    ],
                    "primary": {
                        "id": "18c881cb-f4e4-4870-8e20-214a95a89800",
                        "attributes": {
                            "app": "pgr301-exam-app-staging",
                            "config_vars.#": "1",
                            "config_vars.0": "DATABASE_URL",
                            "id": "18c881cb-f4e4-4870-8e20-214a95a89800",
                            "name": "postgresql-pointy-34258",
                            "plan": "heroku-postgresql:hobby-dev",
                            "provider_id": "16166494"
                        },
                        "meta": {
                            "schema_version": "1"
                        },
                        "tainted": false
                    },
                    "deposed": [],
                    "provider": "provider.heroku"
                },
                "heroku_app.ci": {
                    "type": "heroku_app",
                    "depends_on": [],
                    "primary": {
                        "id": "pgr301-exam-app-ci",
                        "attributes": {
                            "acm": "false",
                            "all_config_vars.%": "0",
                            "config_vars.#": "0",
                            "git_url": "https://git.heroku.com/pgr301-exam-app-ci.git",
                            "heroku_hostname": "pgr301-exam-app-ci.herokuapp.com",
                            "id": "pgr301-exam-app-ci",
                            "internal_routing": "false",
                            "name": "pgr301-exam-app-ci",
                            "region": "eu",
                            "sensitive_config_vars.#": "0",
                            "stack": "heroku-18",
                            "uuid": "b0ed1662-0c51-492d-a28c-61a542cfc4cd",
                            "web_url": "https://pgr301-exam-app-ci.herokuapp.com/"
                        },
                        "meta": {},
                        "tainted": false
                    },
                    "deposed": [],
                    "provider": "provider.heroku"
                },
                "heroku_app.production": {
                    "type": "heroku_app",
                    "depends_on": [],
                    "primary": {
                        "id": "pgr301-exam-app-production",
                        "attributes": {
                            "acm": "false",
                            "all_config_vars.%": "0",
                            "config_vars.#": "0",
                            "git_url": "https://git.heroku.com/pgr301-exam-app-production.git",
                            "heroku_hostname": "pgr301-exam-app-production.herokuapp.com",
                            "id": "pgr301-exam-app-production",
                            "internal_routing": "false",
                            "name": "pgr301-exam-app-production",
                            "region": "eu",
                            "sensitive_config_vars.#": "0",
                            "stack": "heroku-18",
                            "uuid": "1b3f30c4-add2-4a64-a4e1-9688e53e8101",
                            "web_url": "https://pgr301-exam-app-production.herokuapp.com/"
                        },
                        "meta": {},
                        "tainted": false
                    },
                    "deposed": [],
                    "provider": "provider.heroku"
                },
                "heroku_app.staging": {
                    "type": "heroku_app",
                    "depends_on": [],
                    "primary": {
                        "id": "pgr301-exam-app-staging",
                        "attributes": {
                            "acm": "false",
                            "all_config_vars.%": "0",
                            "config_vars.#": "0",
                            "git_url": "https://git.heroku.com/pgr301-exam-app-staging.git",
                            "heroku_hostname": "pgr301-exam-app-staging.herokuapp.com",
                            "id": "pgr301-exam-app-staging",
                            "internal_routing": "false",
                            "name": "pgr301-exam-app-staging",
                            "region": "eu",
                            "sensitive_config_vars.#": "0",
                            "stack": "heroku-18",
                            "uuid": "60efaf2a-a855-4231-bf40-e602852a8f1f",
                            "web_url": "https://pgr301-exam-app-staging.herokuapp.com/"
                        },
                        "meta": {},
                        "tainted": false
                    },
                    "deposed": [],
                    "provider": "provider.heroku"
                },
                "heroku_pipeline.test-app": {
                    "type": "heroku_pipeline",
                    "depends_on": [],
                    "primary": {
                        "id": "e1a40234-3fbc-46e9-827c-4aa2e24792ae",
                        "attributes": {
                            "id": "e1a40234-3fbc-46e9-827c-4aa2e24792ae",
                            "name": "pgr301-pipe"
                        },
                        "meta": {},
                        "tainted": false
                    },
                    "deposed": [],
                    "provider": "provider.heroku"
                },
                "heroku_pipeline_coupling.ci": {
                    "type": "heroku_pipeline_coupling",
                    "depends_on": [
                        "heroku_app.ci",
                        "heroku_pipeline.test-app"
                    ],
                    "primary": {
                        "id": "ab6f70a1-f89b-408a-bab8-df1594c36724",
                        "attributes": {
                            "app": "pgr301-exam-app-ci",
                            "app_id": "b0ed1662-0c51-492d-a28c-61a542cfc4cd",
                            "id": "ab6f70a1-f89b-408a-bab8-df1594c36724",
                            "pipeline": "e1a40234-3fbc-46e9-827c-4aa2e24792ae",
                            "stage": "development"
                        },
                        "meta": {},
                        "tainted": false
                    },
                    "deposed": [],
                    "provider": "provider.heroku"
                },
                "heroku_pipeline_coupling.production": {
                    "type": "heroku_pipeline_coupling",
                    "depends_on": [
                        "heroku_app.production",
                        "heroku_pipeline.test-app"
                    ],
                    "primary": {
                        "id": "0f789f40-25e5-408a-96fd-7894280fb185",
                        "attributes": {
                            "app": "pgr301-exam-app-production",
                            "app_id": "1b3f30c4-add2-4a64-a4e1-9688e53e8101",
                            "id": "0f789f40-25e5-408a-96fd-7894280fb185",
                            "pipeline": "e1a40234-3fbc-46e9-827c-4aa2e24792ae",
                            "stage": "production"
                        },
                        "meta": {},
                        "tainted": false
                    },
                    "deposed": [],
                    "provider": "provider.heroku"
                },
                "heroku_pipeline_coupling.staging": {
                    "type": "heroku_pipeline_coupling",
                    "depends_on": [
                        "heroku_app.staging",
                        "heroku_pipeline.test-app"
                    ],
                    "primary": {
                        "id": "c683bb85-ddbd-4f95-976d-f08e7f6d4aa2",
                        "attributes": {
                            "app": "pgr301-exam-app-staging",
                            "app_id": "60efaf2a-a855-4231-bf40-e602852a8f1f",
                            "id": "c683bb85-ddbd-4f95-976d-f08e7f6d4aa2",
                            "pipeline": "e1a40234-3fbc-46e9-827c-4aa2e24792ae",
                            "stage": "staging"
                        },
                        "meta": {},
                        "tainted": false
                    },
                    "deposed": [],
                    "provider": "provider.heroku"
                },
                "statuscake_test.ci": {
                    "type": "statuscake_test",
                    "depends_on": [
                        "heroku_app.ci"
                    ],
                    "primary": {
                        "id": "3896432",
                        "attributes": {
                            "check_rate": "300",
                            "confirmations": "0",
                            "contact_id": "0",
                            "custom_header": "",
                            "do_not_find": "false",
                            "final_endpoint": "",
                            "find_string": "",
                            "follow_redirect": "false",
                            "id": "3896432",
                            "logo_image": "",
                            "node_locations.#": "0",
                            "paused": "false",
                            "port": "0",
                            "post_raw": "",
                            "status": "Up",
                            "status_codes": "",
                            "test_id": "3896432",
                            "test_type": "HTTP",
                            "timeout": "40",
                            "trigger_rate": "5",
                            "uptime": "0",
                            "use_jar": "0",
                            "website_name": "pgr301-exam-app-ci",
                            "website_url": "https://pgr301-exam-app-ci.herokuapp.com/"
                        },
                        "meta": {},
                        "tainted": false
                    },
                    "deposed": [],
                    "provider": "provider.statuscake"
                },
                "statuscake_test.production": {
                    "type": "statuscake_test",
                    "depends_on": [
                        "heroku_app.production"
                    ],
                    "primary": {
                        "id": "3896431",
                        "attributes": {
                            "check_rate": "300",
                            "confirmations": "0",
                            "contact_id": "0",
                            "custom_header": "",
                            "do_not_find": "false",
                            "final_endpoint": "",
                            "find_string": "",
                            "follow_redirect": "false",
                            "id": "3896431",
                            "logo_image": "",
                            "node_locations.#": "0",
                            "paused": "false",
                            "port": "0",
                            "post_raw": "",
                            "status": "Up",
                            "status_codes": "",
                            "test_id": "3896431",
                            "test_type": "HTTP",
                            "timeout": "40",
                            "trigger_rate": "5",
                            "uptime": "0",
                            "use_jar": "0",
                            "website_name": "pgr301-exam-app-production",
                            "website_url": "https://pgr301-exam-app-production.herokuapp.com/"
                        },
                        "meta": {},
                        "tainted": false
                    },
                    "deposed": [],
                    "provider": "provider.statuscake"
                },
                "statuscake_test.stage": {
                    "type": "statuscake_test",
                    "depends_on": [
                        "heroku_app.staging"
                    ],
                    "primary": {
                        "id": "3896433",
                        "attributes": {
                            "check_rate": "300",
                            "confirmations": "0",
                            "contact_id": "0",
                            "custom_header": "",
                            "do_not_find": "false",
                            "final_endpoint": "",
                            "find_string": "",
                            "follow_redirect": "false",
                            "id": "3896433",
                            "logo_image": "",
                            "node_locations.#": "0",
                            "paused": "false",
                            "port": "0",
                            "post_raw": "",
                            "status": "Up",
                            "status_codes": "",
                            "test_id": "3896433",
                            "test_type": "HTTP",
                            "timeout": "40",
                            "trigger_rate": "5",
                            "uptime": "0",
                            "use_jar": "0",
                            "website_name": "pgr301-exam-app-staging",
                            "website_url": "https://pgr301-exam-app-staging.herokuapp.com/"
                        },
                        "meta": {},
                        "tainted": false
                    },
                    "deposed": [],
                    "provider": "provider.statuscake"
                }
            },
            "depends_on": []
        }
    ]
}
